
Microsoft Visual Studio Solution File, Format Version 12.00
# Visual Studio 15
VisualStudioVersion = 15.0.28307.960
MinimumVisualStudioVersion = 10.0.40219.1
Project("{FAE04EC0-301F-11D3-BF4B-00C04F79EFBC}") = "SupremeLeagueManager", "SupremeLeagueManager\SupremeLeagueManager.csproj", "{7B4E9016-1BF3-4FF7-BB29-F911B58A3774}"
EndProject
Project("{FAE04EC0-301F-11D3-BF4B-00C04F79EFBC}") = "SLMTest", "SLMTest\SLMTest.csproj", "{1E7D797C-211E-4723-A16D-D98E5D5CB244}"
EndProject
Project("{FAE04EC0-301F-11D3-BF4B-00C04F79EFBC}") = "SLMContextDB", "..\..\SLMContextDB\SLMContextDB\SLMContextDB.csproj", "{50EC500F-46F2-44A6-A03A-1FDBA985832B}"
EndProject
Global
	GlobalSection(SolutionConfigurationPlatforms) = preSolution
		Debug|Any CPU = Debug|Any CPU
		Release|Any CPU = Release|Any CPU
	EndGlobalSection
	GlobalSection(ProjectConfigurationPlatforms) = postSolution
		{7B4E9016-1BF3-4FF7-BB29-F911B58A3774}.Debug|Any CPU.ActiveCfg = Debug|Any CPU
		{7B4E9016-1BF3-4FF7-BB29-F911B58A3774}.Debug|Any CPU.Build.0 = Debug|Any CPU
		{7B4E9016-1BF3-4FF7-BB29-F911B58A3774}.Release|Any CPU.ActiveCfg = Release|Any CPU
		{7B4E9016-1BF3-4FF7-BB29-F911B58A3774}.Release|Any CPU.Build.0 = Release|Any CPU
		{1E7D797C-211E-4723-A16D-D98E5D5CB244}.Debug|Any CPU.ActiveCfg = Debug|Any CPU
		{1E7D797C-211E-4723-A16D-D98E5D5CB244}.Debug|Any CPU.Build.0 = Debug|Any CPU
		{1E7D797C-211E-4723-A16D-D98E5D5CB244}.Release|Any CPU.ActiveCfg = Release|Any CPU
		{1E7D797C-211E-4723-A16D-D98E5D5CB244}.Release|Any CPU.Build.0 = Release|Any CPU
		{50EC500F-46F2-44A6-A03A-1FDBA985832B}.Debug|Any CPU.ActiveCfg = Debug|Any CPU
		{50EC500F-46F2-44A6-A03A-1FDBA985832B}.Debug|Any CPU.Build.0 = Debug|Any CPU
		{50EC500F-46F2-44A6-A03A-1FDBA985832B}.Release|Any CPU.ActiveCfg = Release|Any CPU
		{50EC500F-46F2-44A6-A03A-1FDBA985832B}.Release|Any CPU.Build.0 = Release|Any CPU
	EndGlobalSection
	GlobalSection(SolutionProperties) = preSolution
		HideSolutionNode = FALSE
	EndGlobalSection
	GlobalSection(ExtensibilityGlobals) = postSolution
		SolutionGuid = {6487DDCC-81C8-4AF0-A0B6-0D0ECDE66F93}
	EndGlobalSection
EndGlobal
